
Microsoft Visual Studio Solution File, Format Version 12.00
# Visual Studio 14
VisualStudioVersion = 14.0.25420.1
MinimumVisualStudioVersion = 10.0.40219.1
Project("{FAE04EC0-301F-11D3-BF4B-00C04F79EFBC}") = "Alice", "Alice\Alice\Alice.csproj", "{34375C6E-D60A-4D20-965B-0D24FB97A9BB}"
EndProject
Project("{FAE04EC0-301F-11D3-BF4B-00C04F79EFBC}") = "Alice.Droid", "Alice\Alice.Droid\Alice.Droid.csproj", "{72D01C3B-5B45-4EE4-8DCA-E992C7ADB925}"
EndProject
Project("{FAE04EC0-301F-11D3-BF4B-00C04F79EFBC}") = "Alice.iOS", "Alice\Alice.iOS\Alice.iOS.csproj", "{0C094161-777D-4A3C-A134-956CAB95C65C}"
EndProject
Global
	GlobalSection(SolutionConfigurationPlatforms) = preSolution
		Ad-Hoc|Any CPU = Ad-Hoc|Any CPU
		Ad-Hoc|ARM = Ad-Hoc|ARM
		Ad-Hoc|iPhone = Ad-Hoc|iPhone
		Ad-Hoc|iPhoneSimulator = Ad-Hoc|iPhoneSimulator
		Ad-Hoc|x64 = Ad-Hoc|x64
		Ad-Hoc|x86 = Ad-Hoc|x86
		AppStore|Any CPU = AppStore|Any CPU
		AppStore|ARM = AppStore|ARM
		AppStore|iPhone = AppStore|iPhone
		AppStore|iPhoneSimulator = AppStore|iPhoneSimulator
		AppStore|x64 = AppStore|x64
		AppStore|x86 = AppStore|x86
		Debug|Any CPU = Debug|Any CPU
		Debug|ARM = Debug|ARM
		Debug|iPhone = Debug|iPhone
		Debug|iPhoneSimulator = Debug|iPhoneSimulator
		Debug|x64 = Debug|x64
		Debug|x86 = Debug|x86
		Release|Any CPU = Release|Any CPU
		Release|ARM = Release|ARM
		Release|iPhone = Release|iPhone
		Release|iPhoneSimulator = Release|iPhoneSimulator
		Release|x64 = Release|x64
		Release|x86 = Release|x86
	EndGlobalSection
	GlobalSection(ProjectConfigurationPlatforms) = postSolution
		{34375C6E-D60A-4D20-965B-0D24FB97A9BB}.Ad-Hoc|Any CPU.ActiveCfg = Release|Any CPU
		{34375C6E-D60A-4D20-965B-0D24FB97A9BB}.Ad-Hoc|Any CPU.Build.0 = Release|Any CPU
		{34375C6E-D60A-4D20-965B-0D24FB97A9BB}.Ad-Hoc|ARM.ActiveCfg = Release|Any CPU
		{34375C6E-D60A-4D20-965B-0D24FB97A9BB}.Ad-Hoc|ARM.Build.0 = Release|Any CPU
		{34375C6E-D60A-4D20-965B-0D24FB97A9BB}.Ad-Hoc|iPhone.ActiveCfg = Release|Any CPU
		{34375C6E-D60A-4D20-965B-0D24FB97A9BB}.Ad-Hoc|iPhone.Build.0 = Release|Any CPU
		{34375C6E-D60A-4D20-965B-0D24FB97A9BB}.Ad-Hoc|iPhoneSimulator.ActiveCfg = Release|Any CPU
		{34375C6E-D60A-4D20-965B-0D24FB97A9BB}.Ad-Hoc|iPhoneSimulator.Build.0 = Release|Any CPU
		{34375C6E-D60A-4D20-965B-0D24FB97A9BB}.Ad-Hoc|x64.ActiveCfg = Release|Any CPU
		{34375C6E-D60A-4D20-965B-0D24FB97A9BB}.Ad-Hoc|x64.Build.0 = Release|Any CPU
		{34375C6E-D60A-4D20-965B-0D24FB97A9BB}.Ad-Hoc|x86.ActiveCfg = Release|Any CPU
		{34375C6E-D60A-4D20-965B-0D24FB97A9BB}.Ad-Hoc|x86.Build.0 = Release|Any CPU
		{34375C6E-D60A-4D20-965B-0D24FB97A9BB}.AppStore|Any CPU.ActiveCfg = Release|Any CPU
		{34375C6E-D60A-4D20-965B-0D24FB97A9BB}.AppStore|Any CPU.Build.0 = Release|Any CPU
		{34375C6E-D60A-4D20-965B-0D24FB97A9BB}.AppStore|ARM.ActiveCfg = Release|Any CPU
		{34375C6E-D60A-4D20-965B-0D24FB97A9BB}.AppStore|ARM.Build.0 = Release|Any CPU
		{34375C6E-D60A-4D20-965B-0D24FB97A9BB}.AppStore|iPhone.ActiveCfg = Release|Any CPU
		{34375C6E-D60A-4D20-965B-0D24FB97A9BB}.AppStore|iPhone.Build.0 = Release|Any CPU
		{34375C6E-D60A-4D20-965B-0D24FB97A9BB}.AppStore|iPhoneSimulator.ActiveCfg = Release|Any CPU
		{34375C6E-D60A-4D20-965B-0D24FB97A9BB}.AppStore|iPhoneSimulator.Build.0 = Release|Any CPU
		{34375C6E-D60A-4D20-965B-0D24FB97A9BB}.AppStore|x64.ActiveCfg = Release|Any CPU
		{34375C6E-D60A-4D20-965B-0D24FB97A9BB}.AppStore|x64.Build.0 = Release|Any CPU
		{34375C6E-D60A-4D20-965B-0D24FB97A9BB}.AppStore|x86.ActiveCfg = Release|Any CPU
		{34375C6E-D60A-4D20-965B-0D24FB97A9BB}.AppStore|x86.Build.0 = Release|Any CPU
		{34375C6E-D60A-4D20-965B-0D24FB97A9BB}.Debug|Any CPU.ActiveCfg = Debug|Any CPU
		{34375C6E-D60A-4D20-965B-0D24FB97A9BB}.Debug|Any CPU.Build.0 = Debug|Any CPU
		{34375C6E-D60A-4D20-965B-0D24FB97A9BB}.Debug|ARM.ActiveCfg = Debug|Any CPU
		{34375C6E-D60A-4D20-965B-0D24FB97A9BB}.Debug|ARM.Build.0 = Debug|Any CPU
		{34375C6E-D60A-4D20-965B-0D24FB97A9BB}.Debug|iPhone.ActiveCfg = Debug|Any CPU
		{34375C6E-D60A-4D20-965B-0D24FB97A9BB}.Debug|iPhone.Build.0 = Debug|Any CPU
		{34375C6E-D60A-4D20-965B-0D24FB97A9BB}.Debug|iPhoneSimulator.ActiveCfg = Debug|Any CPU
		{34375C6E-D60A-4D20-965B-0D24FB97A9BB}.Debug|iPhoneSimulator.Build.0 = Debug|Any CPU
		{34375C6E-D60A-4D20-965B-0D24FB97A9BB}.Debug|x64.ActiveCfg = Debug|Any CPU
		{34375C6E-D60A-4D20-965B-0D24FB97A9BB}.Debug|x64.Build.0 = Debug|Any CPU
		{34375C6E-D60A-4D20-965B-0D24FB97A9BB}.Debug|x86.ActiveCfg = Debug|Any CPU
		{34375C6E-D60A-4D20-965B-0D24FB97A9BB}.Debug|x86.Build.0 = Debug|Any CPU
		{34375C6E-D60A-4D20-965B-0D24FB97A9BB}.Release|Any CPU.ActiveCfg = Release|Any CPU
		{34375C6E-D60A-4D20-965B-0D24FB97A9BB}.Release|Any CPU.Build.0 = Release|Any CPU
		{34375C6E-D60A-4D20-965B-0D24FB97A9BB}.Release|ARM.ActiveCfg = Release|Any CPU
		{34375C6E-D60A-4D20-965B-0D24FB97A9BB}.Release|ARM.Build.0 = Release|Any CPU
		{34375C6E-D60A-4D20-965B-0D24FB97A9BB}.Release|iPhone.ActiveCfg = Release|Any CPU
		{34375C6E-D60A-4D20-965B-0D24FB97A9BB}.Release|iPhone.Build.0 = Release|Any CPU
		{34375C6E-D60A-4D20-965B-0D24FB97A9BB}.Release|iPhoneSimulator.ActiveCfg = Release|Any CPU
		{34375C6E-D60A-4D20-965B-0D24FB97A9BB}.Release|iPhoneSimulator.Build.0 = Release|Any CPU
		{34375C6E-D60A-4D20-965B-0D24FB97A9BB}.Release|x64.ActiveCfg = Release|Any CPU
		{34375C6E-D60A-4D20-965B-0D24FB97A9BB}.Release|x64.Build.0 = Release|Any CPU
		{34375C6E-D60A-4D20-965B-0D24FB97A9BB}.Release|x86.ActiveCfg = Release|Any CPU
		{34375C6E-D60A-4D20-965B-0D24FB97A9BB}.Release|x86.Build.0 = Release|Any CPU
		{72D01C3B-5B45-4EE4-8DCA-E992C7ADB925}.Ad-Hoc|Any CPU.ActiveCfg = Release|Any CPU
		{72D01C3B-5B45-4EE4-8DCA-E992C7ADB925}.Ad-Hoc|Any CPU.Build.0 = Release|Any CPU
		{72D01C3B-5B45-4EE4-8DCA-E992C7ADB925}.Ad-Hoc|Any CPU.Deploy.0 = Release|Any CPU
		{72D01C3B-5B45-4EE4-8DCA-E992C7ADB925}.Ad-Hoc|ARM.ActiveCfg = Release|Any CPU
		{72D01C3B-5B45-4EE4-8DCA-E992C7ADB925}.Ad-Hoc|ARM.Build.0 = Release|Any CPU
		{72D01C3B-5B45-4EE4-8DCA-E992C7ADB925}.Ad-Hoc|ARM.Deploy.0 = Release|Any CPU
		{72D01C3B-5B45-4EE4-8DCA-E992C7ADB925}.Ad-Hoc|iPhone.ActiveCfg = Release|Any CPU
		{72D01C3B-5B45-4EE4-8DCA-E992C7ADB925}.Ad-Hoc|iPhone.Build.0 = Release|Any CPU
		{72D01C3B-5B45-4EE4-8DCA-E992C7ADB925}.Ad-Hoc|iPhone.Deploy.0 = Release|Any CPU
		{72D01C3B-5B45-4EE4-8DCA-E992C7ADB925}.Ad-Hoc|iPhoneSimulator.ActiveCfg = Release|Any CPU
		{72D01C3B-5B45-4EE4-8DCA-E992C7ADB925}.Ad-Hoc|iPhoneSimulator.Build.0 = Release|Any CPU
		{72D01C3B-5B45-4EE4-8DCA-E992C7ADB925}.Ad-Hoc|iPhoneSimulator.Deploy.0 = Release|Any CPU
		{72D01C3B-5B45-4EE4-8DCA-E992C7ADB925}.Ad-Hoc|x64.ActiveCfg = Release|Any CPU
		{72D01C3B-5B45-4EE4-8DCA-E992C7ADB925}.Ad-Hoc|x64.Build.0 = Release|Any CPU
		{72D01C3B-5B45-4EE4-8DCA-E992C7ADB925}.Ad-Hoc|x64.Deploy.0 = Release|Any CPU
		{72D01C3B-5B45-4EE4-8DCA-E992C7ADB925}.Ad-Hoc|x86.ActiveCfg = Release|Any CPU
		{72D01C3B-5B45-4EE4-8DCA-E992C7ADB925}.Ad-Hoc|x86.Build.0 = Release|Any CPU
		{72D01C3B-5B45-4EE4-8DCA-E992C7ADB925}.Ad-Hoc|x86.Deploy.0 = Release|Any CPU
		{72D01C3B-5B45-4EE4-8DCA-E992C7ADB925}.AppStore|Any CPU.ActiveCfg = Release|Any CPU
		{72D01C3B-5B45-4EE4-8DCA-E992C7ADB925}.AppStore|Any CPU.Build.0 = Release|Any CPU
		{72D01C3B-5B45-4EE4-8DCA-E992C7ADB925}.AppStore|Any CPU.Deploy.0 = Release|Any CPU
		{72D01C3B-5B45-4EE4-8DCA-E992C7ADB925}.AppStore|ARM.ActiveCfg = Release|Any CPU
		{72D01C3B-5B45-4EE4-8DCA-E992C7ADB925}.AppStore|ARM.Build.0 = Release|Any CPU
		{72D01C3B-5B45-4EE4-8DCA-E992C7ADB925}.AppStore|ARM.Deploy.0 = Release|Any CPU
		{72D01C3B-5B45-4EE4-8DCA-E992C7ADB925}.AppStore|iPhone.ActiveCfg = Release|Any CPU
		{72D01C3B-5B45-4EE4-8DCA-E992C7ADB925}.AppStore|iPhone.Build.0 = Release|Any CPU
		{72D01C3B-5B45-4EE4-8DCA-E992C7ADB925}.AppStore|iPhone.Deploy.0 = Release|Any CPU
		{72D01C3B-5B45-4EE4-8DCA-E992C7ADB925}.AppStore|iPhoneSimulator.ActiveCfg = Release|Any CPU
		{72D01C3B-5B45-4EE4-8DCA-E992C7ADB925}.AppStore|iPhoneSimulator.Build.0 = Release|Any CPU
		{72D01C3B-5B45-4EE4-8DCA-E992C7ADB925}.AppStore|iPhoneSimulator.Deploy.0 = Release|Any CPU
		{72D01C3B-5B45-4EE4-8DCA-E992C7ADB925}.AppStore|x64.ActiveCfg = Release|Any CPU
		{72D01C3B-5B45-4EE4-8DCA-E992C7ADB925}.AppStore|x64.Build.0 = Release|Any CPU
		{72D01C3B-5B45-4EE4-8DCA-E992C7ADB925}.AppStore|x64.Deploy.0 = Release|Any CPU
		{72D01C3B-5B45-4EE4-8DCA-E992C7ADB925}.AppStore|x86.ActiveCfg = Release|Any CPU
		{72D01C3B-5B45-4EE4-8DCA-E992C7ADB925}.AppStore|x86.Build.0 = Release|Any CPU
		{72D01C3B-5B45-4EE4-8DCA-E992C7ADB925}.AppStore|x86.Deploy.0 = Release|Any CPU
		{72D01C3B-5B45-4EE4-8DCA-E992C7ADB925}.Debug|Any CPU.ActiveCfg = Debug|Any CPU
		{72D01C3B-5B45-4EE4-8DCA-E992C7ADB925}.Debug|Any CPU.Build.0 = Debug|Any CPU
		{72D01C3B-5B45-4EE4-8DCA-E992C7ADB925}.Debug|Any CPU.Deploy.0 = Debug|Any CPU
		{72D01C3B-5B45-4EE4-8DCA-E992C7ADB925}.Debug|ARM.ActiveCfg = Debug|Any CPU
		{72D01C3B-5B45-4EE4-8DCA-E992C7ADB925}.Debug|ARM.Build.0 = Debug|Any CPU
		{72D01C3B-5B45-4EE4-8DCA-E992C7ADB925}.Debug|ARM.Deploy.0 = Debug|Any CPU
		{72D01C3B-5B45-4EE4-8DCA-E992C7ADB925}.Debug|iPhone.ActiveCfg = Debug|Any CPU
		{72D01C3B-5B45-4EE4-8DCA-E992C7ADB925}.Debug|iPhone.Build.0 = Debug|Any CPU
		{72D01C3B-5B45-4EE4-8DCA-E992C7ADB925}.Debug|iPhone.Deploy.0 = Debug|Any CPU
		{72D01C3B-5B45-4EE4-8DCA-E992C7ADB925}.Debug|iPhoneSimulator.ActiveCfg = Debug|Any CPU
		{72D01C3B-5B45-4EE4-8DCA-E992C7ADB925}.Debug|iPhoneSimulator.Build.0 = Debug|Any CPU
		{72D01C3B-5B45-4EE4-8DCA-E992C7ADB925}.Debug|iPhoneSimulator.Deploy.0 = Debug|Any CPU
		{72D01C3B-5B45-4EE4-8DCA-E992C7ADB925}.Debug|x64.ActiveCfg = Debug|Any CPU
		{72D01C3B-5B45-4EE4-8DCA-E992C7ADB925}.Debug|x64.Build.0 = Debug|Any CPU
		{72D01C3B-5B45-4EE4-8DCA-E992C7ADB925}.Debug|x64.Deploy.0 = Debug|Any CPU
		{72D01C3B-5B45-4EE4-8DCA-E992C7ADB925}.Debug|x86.ActiveCfg = Debug|Any CPU
		{72D01C3B-5B45-4EE4-8DCA-E992C7ADB925}.Debug|x86.Build.0 = Debug|Any CPU
		{72D01C3B-5B45-4EE4-8DCA-E992C7ADB925}.Debug|x86.Deploy.0 = Debug|Any CPU
		{72D01C3B-5B45-4EE4-8DCA-E992C7ADB925}.Release|Any CPU.ActiveCfg = Release|Any CPU
		{72D01C3B-5B45-4EE4-8DCA-E992C7ADB925}.Release|Any CPU.Build.0 = Release|Any CPU
		{72D01C3B-5B45-4EE4-8DCA-E992C7ADB925}.Release|Any CPU.Deploy.0 = Release|Any CPU
		{72D01C3B-5B45-4EE4-8DCA-E992C7ADB925}.Release|ARM.ActiveCfg = Release|Any CPU
		{72D01C3B-5B45-4EE4-8DCA-E992C7ADB925}.Release|ARM.Build.0 = Release|Any CPU
		{72D01C3B-5B45-4EE4-8DCA-E992C7ADB925}.Release|ARM.Deploy.0 = Release|Any CPU
		{72D01C3B-5B45-4EE4-8DCA-E992C7ADB925}.Release|iPhone.ActiveCfg = Release|Any CPU
		{72D01C3B-5B45-4EE4-8DCA-E992C7ADB925}.Release|iPhone.Build.0 = Release|Any CPU
		{72D01C3B-5B45-4EE4-8DCA-E992C7ADB925}.Release|iPhone.Deploy.0 = Release|Any CPU
		{72D01C3B-5B45-4EE4-8DCA-E992C7ADB925}.Release|iPhoneSimulator.ActiveCfg = Release|Any CPU
		{72D01C3B-5B45-4EE4-8DCA-E992C7ADB925}.Release|iPhoneSimulator.Build.0 = Release|Any CPU
		{72D01C3B-5B45-4EE4-8DCA-E992C7ADB925}.Release|iPhoneSimulator.Deploy.0 = Release|Any CPU
		{72D01C3B-5B45-4EE4-8DCA-E992C7ADB925}.Release|x64.ActiveCfg = Release|Any CPU
		{72D01C3B-5B45-4EE4-8DCA-E992C7ADB925}.Release|x64.Build.0 = Release|Any CPU
		{72D01C3B-5B45-4EE4-8DCA-E992C7ADB925}.Release|x64.Deploy.0 = Release|Any CPU
		{72D01C3B-5B45-4EE4-8DCA-E992C7ADB925}.Release|x86.ActiveCfg = Release|Any CPU
		{72D01C3B-5B45-4EE4-8DCA-E992C7ADB925}.Release|x86.Build.0 = Release|Any CPU
		{72D01C3B-5B45-4EE4-8DCA-E992C7ADB925}.Release|x86.Deploy.0 = Release|Any CPU
		{0C094161-777D-4A3C-A134-956CAB95C65C}.Ad-Hoc|Any CPU.ActiveCfg = Ad-Hoc|iPhone
		{0C094161-777D-4A3C-A134-956CAB95C65C}.Ad-Hoc|ARM.ActiveCfg = Ad-Hoc|iPhone
		{0C094161-777D-4A3C-A134-956CAB95C65C}.Ad-Hoc|iPhone.ActiveCfg = Ad-Hoc|iPhone
		{0C094161-777D-4A3C-A134-956CAB95C65C}.Ad-Hoc|iPhone.Build.0 = Ad-Hoc|iPhone
		{0C094161-777D-4A3C-A134-956CAB95C65C}.Ad-Hoc|iPhoneSimulator.ActiveCfg = Ad-Hoc|iPhoneSimulator
		{0C094161-777D-4A3C-A134-956CAB95C65C}.Ad-Hoc|iPhoneSimulator.Build.0 = Ad-Hoc|iPhoneSimulator
		{0C094161-777D-4A3C-A134-956CAB95C65C}.Ad-Hoc|x64.ActiveCfg = Ad-Hoc|iPhone
		{0C094161-777D-4A3C-A134-956CAB95C65C}.Ad-Hoc|x86.ActiveCfg = Ad-Hoc|iPhone
		{0C094161-777D-4A3C-A134-956CAB95C65C}.AppStore|Any CPU.ActiveCfg = AppStore|iPhone
		{0C094161-777D-4A3C-A134-956CAB95C65C}.AppStore|ARM.ActiveCfg = AppStore|iPhone
		{0C094161-777D-4A3C-A134-956CAB95C65C}.AppStore|iPhone.ActiveCfg = AppStore|iPhone
		{0C094161-777D-4A3C-A134-956CAB95C65C}.AppStore|iPhone.Build.0 = AppStore|iPhone
		{0C094161-777D-4A3C-A134-956CAB95C65C}.AppStore|iPhoneSimulator.ActiveCfg = AppStore|iPhoneSimulator
		{0C094161-777D-4A3C-A134-956CAB95C65C}.AppStore|iPhoneSimulator.Build.0 = AppStore|iPhoneSimulator
		{0C094161-777D-4A3C-A134-956CAB95C65C}.AppStore|x64.ActiveCfg = AppStore|iPhone
		{0C094161-777D-4A3C-A134-956CAB95C65C}.AppStore|x86.ActiveCfg = AppStore|iPhone
		{0C094161-777D-4A3C-A134-956CAB95C65C}.Debug|Any CPU.ActiveCfg = Debug|iPhone
		{0C094161-777D-4A3C-A134-956CAB95C65C}.Debug|ARM.ActiveCfg = Debug|iPhone
		{0C094161-777D-4A3C-A134-956CAB95C65C}.Debug|iPhone.ActiveCfg = Debug|iPhone
		{0C094161-777D-4A3C-A134-956CAB95C65C}.Debug|iPhone.Build.0 = Debug|iPhone
		{0C094161-777D-4A3C-A134-956CAB95C65C}.Debug|iPhoneSimulator.ActiveCfg = Debug|iPhoneSimulator
		{0C094161-777D-4A3C-A134-956CAB95C65C}.Debug|iPhoneSimulator.Build.0 = Debug|iPhoneSimulator
		{0C094161-777D-4A3C-A134-956CAB95C65C}.Debug|x64.ActiveCfg = Debug|iPhone
		{0C094161-777D-4A3C-A134-956CAB95C65C}.Debug|x86.ActiveCfg = Debug|iPhone
		{0C094161-777D-4A3C-A134-956CAB95C65C}.Release|Any CPU.ActiveCfg = Release|iPhone
		{0C094161-777D-4A3C-A134-956CAB95C65C}.Release|ARM.ActiveCfg = Release|iPhone
		{0C094161-777D-4A3C-A134-956CAB95C65C}.Release|iPhone.ActiveCfg = Release|iPhone
		{0C094161-777D-4A3C-A134-956CAB95C65C}.Release|iPhone.Build.0 = Release|iPhone
		{0C094161-777D-4A3C-A134-956CAB95C65C}.Release|iPhoneSimulator.ActiveCfg = Release|iPhoneSimulator
		{0C094161-777D-4A3C-A134-956CAB95C65C}.Release|iPhoneSimulator.Build.0 = Release|iPhoneSimulator
		{0C094161-777D-4A3C-A134-956CAB95C65C}.Release|x64.ActiveCfg = Release|iPhone
		{0C094161-777D-4A3C-A134-956CAB95C65C}.Release|x86.ActiveCfg = Release|iPhone
	EndGlobalSection
	GlobalSection(SolutionProperties) = preSolution
		HideSolutionNode = FALSE
	EndGlobalSection
EndGlobal
